// !$*UTF8*$!
{
	archiveVersion = 1;
	classes = {
	};
	objectVersion = 46;
	objects = {

/* Begin PBXBuildFile section */
		820E1FD21B5EF93300093629 /* TableViewController.swift in Sources */ = {isa = PBXBuildFile; fileRef = 820E1FD11B5EF93300093629 /* TableViewController.swift */; };
		820E1FD41B5F238F00093629 /* XmlParser.swift in Sources */ = {isa = PBXBuildFile; fileRef = 820E1FD31B5F238F00093629 /* XmlParser.swift */; };
		820E1FD61B5F298500093629 /* PageViewController.swift in Sources */ = {isa = PBXBuildFile; fileRef = 820E1FD51B5F298500093629 /* PageViewController.swift */; };
		82E208FD1B59593600E371C7 /* AppDelegate.swift in Sources */ = {isa = PBXBuildFile; fileRef = 82E208FC1B59593600E371C7 /* AppDelegate.swift */; };
		82E209021B59593600E371C7 /* Main.storyboard in Resources */ = {isa = PBXBuildFile; fileRef = 82E209001B59593600E371C7 /* Main.storyboard */; };
		82E209041B59593600E371C7 /* Images.xcassets in Resources */ = {isa = PBXBuildFile; fileRef = 82E209031B59593600E371C7 /* Images.xcassets */; };
		82E209071B59593600E371C7 /* LaunchScreen.xib in Resources */ = {isa = PBXBuildFile; fileRef = 82E209051B59593600E371C7 /* LaunchScreen.xib */; };
		82E209131B59593600E371C7 /* TheProspectTests.swift in Sources */ = {isa = PBXBuildFile; fileRef = 82E209121B59593600E371C7 /* TheProspectTests.swift */; };
/* End PBXBuildFile section */

/* Begin PBXContainerItemProxy section */
		82E2090D1B59593600E371C7 /* PBXContainerItemProxy */ = {
			isa = PBXContainerItemProxy;
			containerPortal = 82E208EF1B59593600E371C7 /* Project object */;
			proxyType = 1;
			remoteGlobalIDString = 82E208F61B59593600E371C7;
			remoteInfo = TheProspect;
		};
/* End PBXContainerItemProxy section */

/* Begin PBXFileReference section */
		820E1FD11B5EF93300093629 /* TableViewController.swift */ = {isa = PBXFileReference; fileEncoding = 4; indentWidth = 3; lastKnownFileType = sourcecode.swift; path = TableViewController.swift; sourceTree = "<group>"; };
		820E1FD31B5F238F00093629 /* XmlParser.swift */ = {isa = PBXFileReference; fileEncoding = 4; lastKnownFileType = sourcecode.swift; path = XmlParser.swift; sourceTree = "<group>"; };
		820E1FD51B5F298500093629 /* PageViewController.swift */ = {isa = PBXFileReference; fileEncoding = 4; lastKnownFileType = sourcecode.swift; path = PageViewController.swift; sourceTree = "<group>"; };
		82E208F71B59593600E371C7 /* TheProspect.app */ = {isa = PBXFileReference; explicitFileType = wrapper.application; includeInIndex = 0; path = TheProspect.app; sourceTree = BUILT_PRODUCTS_DIR; };
		82E208FB1B59593600E371C7 /* Info.plist */ = {isa = PBXFileReference; lastKnownFileType = text.plist.xml; path = Info.plist; sourceTree = "<group>"; };
		82E208FC1B59593600E371C7 /* AppDelegate.swift */ = {isa = PBXFileReference; lastKnownFileType = sourcecode.swift; path = AppDelegate.swift; sourceTree = "<group>"; };
		82E209011B59593600E371C7 /* Base */ = {isa = PBXFileReference; lastKnownFileType = file.storyboard; name = Base; path = Base.lproj/Main.storyboard; sourceTree = "<group>"; };
		82E209031B59593600E371C7 /* Images.xcassets */ = {isa = PBXFileReference; lastKnownFileType = folder.assetcatalog; path = Images.xcassets; sourceTree = "<group>"; };
		82E209061B59593600E371C7 /* Base */ = {isa = PBXFileReference; lastKnownFileType = file.xib; name = Base; path = Base.lproj/LaunchScreen.xib; sourceTree = "<group>"; };
		82E2090C1B59593600E371C7 /* TheProspectTests.xctest */ = {isa = PBXFileReference; explicitFileType = wrapper.cfbundle; includeInIndex = 0; path = TheProspectTests.xctest; sourceTree = BUILT_PRODUCTS_DIR; };
		82E209111B59593600E371C7 /* Info.plist */ = {isa = PBXFileReference; lastKnownFileType = text.plist.xml; path = Info.plist; sourceTree = "<group>"; };
		82E209121B59593600E371C7 /* TheProspectTests.swift */ = {isa = PBXFileReference; lastKnownFileType = sourcecode.swift; path = TheProspectTests.swift; sourceTree = "<group>"; };
/* End PBXFileReference section */

/* Begin PBXFrameworksBuildPhase section */
		82E208F41B59593600E371C7 /* Frameworks */ = {
			isa = PBXFrameworksBuildPhase;
			buildActionMask = 2147483647;
			files = (
			);
			runOnlyForDeploymentPostprocessing = 0;
		};
		82E209091B59593600E371C7 /* Frameworks */ = {
			isa = PBXFrameworksBuildPhase;
			buildActionMask = 2147483647;
			files = (
			);
			runOnlyForDeploymentPostprocessing = 0;
		};
/* End PBXFrameworksBuildPhase section */

/* Begin PBXGroup section */
		82E208EE1B59593600E371C7 = {
			isa = PBXGroup;
			children = (
				82E208F91B59593600E371C7 /* TheProspect */,
				82E2090F1B59593600E371C7 /* TheProspectTests */,
				82E208F81B59593600E371C7 /* Products */,
			);
			sourceTree = "<group>";
		};
		82E208F81B59593600E371C7 /* Products */ = {
			isa = PBXGroup;
			children = (
				82E208F71B59593600E371C7 /* TheProspect.app */,
				82E2090C1B59593600E371C7 /* TheProspectTests.xctest */,
			);
			name = Products;
			sourceTree = "<group>";
		};
		82E208F91B59593600E371C7 /* TheProspect */ = {
			isa = PBXGroup;
			children = (
				82E208FC1B59593600E371C7 /* AppDelegate.swift */,
				820E1FD31B5F238F00093629 /* XmlParser.swift */,
				820E1FD11B5EF93300093629 /* TableViewController.swift */,
				82E209001B59593600E371C7 /* Main.storyboard */,
				820E1FD51B5F298500093629 /* PageViewController.swift */,
				82E209031B59593600E371C7 /* Images.xcassets */,
				82E209051B59593600E371C7 /* LaunchScreen.xib */,
				82E208FA1B59593600E371C7 /* Supporting Files */,
			);
			path = TheProspect;
			sourceTree = "<group>";
		};
		82E208FA1B59593600E371C7 /* Supporting Files */ = {
			isa = PBXGroup;
			children = (
				82E208FB1B59593600E371C7 /* Info.plist */,
			);
			name = "Supporting Files";
			sourceTree = "<group>";
		};
		82E2090F1B59593600E371C7 /* TheProspectTests */ = {
			isa = PBXGroup;
			children = (
				82E209121B59593600E371C7 /* TheProspectTests.swift */,
				82E209101B59593600E371C7 /* Supporting Files */,
			);
			path = TheProspectTests;
			sourceTree = "<group>";
		};
		82E209101B59593600E371C7 /* Supporting Files */ = {
			isa = PBXGroup;
			children = (
				82E209111B59593600E371C7 /* Info.plist */,
			);
			name = "Supporting Files";
			sourceTree = "<group>";
		};
/* End PBXGroup section */

/* Begin PBXNativeTarget section */
		82E208F61B59593600E371C7 /* TheProspect */ = {
			isa = PBXNativeTarget;
			buildConfigurationList = 82E209161B59593600E371C7 /* Build configuration list for PBXNativeTarget "TheProspect" */;
			buildPhases = (
				82E208F31B59593600E371C7 /* Sources */,
				82E208F41B59593600E371C7 /* Frameworks */,
				82E208F51B59593600E371C7 /* Resources */,
			);
			buildRules = (
			);
			dependencies = (
			);
			name = TheProspect;
			productName = TheProspect;
			productReference = 82E208F71B59593600E371C7 /* TheProspect.app */;
			productType = "com.apple.product-type.application";
		};
		82E2090B1B59593600E371C7 /* TheProspectTests */ = {
			isa = PBXNativeTarget;
			buildConfigurationList = 82E209191B59593600E371C7 /* Build configuration list for PBXNativeTarget "TheProspectTests" */;
			buildPhases = (
				82E209081B59593600E371C7 /* Sources */,
				82E209091B59593600E371C7 /* Frameworks */,
				82E2090A1B59593600E371C7 /* Resources */,
			);
			buildRules = (
			);
			dependencies = (
				82E2090E1B59593600E371C7 /* PBXTargetDependency */,
			);
			name = TheProspectTests;
			productName = TheProspectTests;
			productReference = 82E2090C1B59593600E371C7 /* TheProspectTests.xctest */;
			productType = "com.apple.product-type.bundle.unit-test";
		};
/* End PBXNativeTarget section */

/* Begin PBXProject section */
		82E208EF1B59593600E371C7 /* Project object */ = {
			isa = PBXProject;
			attributes = {
				LastUpgradeCheck = 0640;
				ORGANIZATIONNAME = "The Prospect";
				TargetAttributes = {
					82E208F61B59593600E371C7 = {
						CreatedOnToolsVersion = 6.4;
					};
					82E2090B1B59593600E371C7 = {
						CreatedOnToolsVersion = 6.4;
						TestTargetID = 82E208F61B59593600E371C7;
					};
				};
			};
			buildConfigurationList = 82E208F21B59593600E371C7 /* Build configuration list for PBXProject "TheProspect" */;
			compatibilityVersion = "Xcode 3.2";
			developmentRegion = English;
			hasScannedForEncodings = 0;
			knownRegions = (
				en,
				Base,
			);
			mainGroup = 82E208EE1B59593600E371C7;
			productRefGroup = 82E208F81B59593600E371C7 /* Products */;
			projectDirPath = "";
			projectRoot = "";
			targets = (
				82E208F61B59593600E371C7 /* TheProspect */,
				82E2090B1B59593600E371C7 /* TheProspectTests */,
			);
		};
/* End PBXProject section */

/* Begin PBXResourcesBuildPhase section */
		82E208F51B59593600E371C7 /* Resources */ = {
			isa = PBXResourcesBuildPhase;
			buildActionMask = 2147483647;
			files = (
				82E209021B59593600E371C7 /* Main.storyboard in Resources */,
				82E209071B59593600E371C7 /* LaunchScreen.xib in Resources */,
				82E209041B59593600E371C7 /* Images.xcassets in Resources */,
			);
			runOnlyForDeploymentPostprocessing = 0;
		};
		82E2090A1B59593600E371C7 /* Resources */ = {
			isa = PBXResourcesBuildPhase;
			buildActionMask = 2147483647;
			files = (
			);
			runOnlyForDeploymentPostprocessing = 0;
		};
/* End PBXResourcesBuildPhase section */

/* Begin PBXSourcesBuildPhase section */
		82E208F31B59593600E371C7 /* Sources */ = {
			isa = PBXSourcesBuildPhase;
			buildActionMask = 2147483647;
			files = (
				82E208FD1B59593600E371C7 /* AppDelegate.swift in Sources */,
				820E1FD21B5EF93300093629 /* TableViewController.swift in Sources */,
				820E1FD41B5F238F00093629 /* XmlParser.swift in Sources */,
				820E1FD61B5F298500093629 /* PageViewController.swift in Sources */,
			);
			runOnlyForDeploymentPostprocessing = 0;
		};
		82E209081B59593600E371C7 /* Sources */ = {
			isa = PBXSourcesBuildPhase;
			buildActionMask = 2147483647;
			files = (
				82E209131B59593600E371C7 /* TheProspectTests.swift in Sources */,
			);
			runOnlyForDeploymentPostprocessing = 0;
		};
/* End PBXSourcesBuildPhase section */

/* Begin PBXTargetDependency section */
		82E2090E1B59593600E371C7 /* PBXTargetDependency */ = {
			isa = PBXTargetDependency;
			target = 82E208F61B59593600E371C7 /* TheProspect */;
			targetProxy = 82E2090D1B59593600E371C7 /* PBXContainerItemProxy */;
		};
/* End PBXTargetDependency section */

/* Begin PBXVariantGroup section */
		82E209001B59593600E371C7 /* Main.storyboard */ = {
			isa = PBXVariantGroup;
			children = (
				82E209011B59593600E371C7 /* Base */,
			);
			name = Main.storyboard;
			sourceTree = "<group>";
		};
		82E209051B59593600E371C7 /* LaunchScreen.xib */ = {
			isa = PBXVariantGroup;
			children = (
				82E209061B59593600E371C7 /* Base */,
			);
			name = LaunchScreen.xib;
			sourceTree = "<group>";
		};
/* End PBXVariantGroup section */

/* Begin XCBuildConfiguration section */
		82E209141B59593600E371C7 /* Debug */ = {
			isa = XCBuildConfiguration;
			buildSettings = {
				ALWAYS_SEARCH_USER_PATHS = NO;
				CLANG_CXX_LANGUAGE_STANDARD = "gnu++0x";
				CLANG_CXX_LIBRARY = "libc++";
				CLANG_ENABLE_MODULES = YES;
				CLANG_ENABLE_OBJC_ARC = YES;
				CLANG_WARN_BOOL_CONVERSION = YES;
				CLANG_WARN_CONSTANT_CONVERSION = YES;
				CLANG_WARN_DIRECT_OBJC_ISA_USAGE = YES_ERROR;
				CLANG_WARN_EMPTY_BODY = YES;
				CLANG_WARN_ENUM_CONVERSION = YES;
				CLANG_WARN_INT_CONVERSION = YES;
				CLANG_WARN_OBJC_ROOT_CLASS = YES_ERROR;
				CLANG_WARN_UNREACHABLE_CODE = YES;
				CLANG_WARN__DUPLICATE_METHOD_MATCH = YES;
				"CODE_SIGN_IDENTITY[sdk=iphoneos*]" = "iPhone Developer";
				COPY_PHASE_STRIP = NO;
				DEBUG_INFORMATION_FORMAT = "dwarf-with-dsym";
				ENABLE_STRICT_OBJC_MSGSEND = YES;
				GCC_C_LANGUAGE_STANDARD = gnu99;
				GCC_DYNAMIC_NO_PIC = NO;
				GCC_NO_COMMON_BLOCKS = YES;
				GCC_OPTIMIZATION_LEVEL = 0;
				GCC_PREPROCESSOR_DEFINITIONS = (
					"DEBUG=1",
					"$(inherited)",
				);
				GCC_SYMBOLS_PRIVATE_EXTERN = NO;
				GCC_WARN_64_TO_32_BIT_CONVERSION = YES;
				GCC_WARN_ABOUT_RETURN_TYPE = YES_ERROR;
				GCC_WARN_UNDECLARED_SELECTOR = YES;
				GCC_WARN_UNINITIALIZED_AUTOS = YES_AGGRESSIVE;
				GCC_WARN_UNUSED_FUNCTION = YES;
				GCC_WARN_UNUSED_VARIABLE = YES;
				IPHONEOS_DEPLOYMENT_TARGET = 8.4;
				MTL_ENABLE_DEBUG_INFO = YES;
				ONLY_ACTIVE_ARCH = YES;
				SDKROOT = iphoneos;
				SWIFT_OPTIMIZATION_LEVEL = "-Onone";
			};
			name = Debug;
		};
		82E209151B59593600E371C7 /* Release */ = {
			isa = XCBuildConfiguration;
			buildSettings = {
				ALWAYS_SEARCH_USER_PATHS = NO;
				CLANG_CXX_LANGUAGE_STANDARD = "gnu++0x";
				CLANG_CXX_LIBRARY = "libc++";
				CLANG_ENABLE_MODULES = YES;
				CLANG_ENABLE_OBJC_ARC = YES;
				CLANG_WARN_BOOL_CONVERSION = YES;
				CLANG_WARN_CONSTANT_CONVERSION = YES;
				CLANG_WARN_DIRECT_OBJC_ISA_USAGE = YES_ERROR;
				CLANG_WARN_EMPTY_BODY = YES;
				CLANG_WARN_ENUM_CONVERSION = YES;
				CLANG_WARN_INT_CONVERSION = YES;
				CLANG_WARN_OBJC_ROOT_CLASS = YES_ERROR;
				CLANG_WARN_UNREACHABLE_CODE = YES;
				CLANG_WARN__DUPLICATE_METHOD_MATCH = YES;
				"CODE_SIGN_IDENTITY[sdk=iphoneos*]" = "iPhone Developer";
				COPY_PHASE_STRIP = NO;
				DEBUG_INFORMATION_FORMAT = "dwarf-with-dsym";
				ENABLE_NS_ASSERTIONS = NO;
				ENABLE_STRICT_OBJC_MSGSEND = YES;
				GCC_C_LANGUAGE_STANDARD = gnu99;
				GCC_NO_COMMON_BLOCKS = YES;
				GCC_WARN_64_TO_32_BIT_CONVERSION = YES;
				GCC_WARN_ABOUT_RETURN_TYPE = YES_ERROR;
				GCC_WARN_UNDECLARED_SELECTOR = YES;
				GCC_WARN_UNINITIALIZED_AUTOS = YES_AGGRESSIVE;
				GCC_WARN_UNUSED_FUNCTION = YES;
				GCC_WARN_UNUSED_VARIABLE = YES;
				IPHONEOS_DEPLOYMENT_TARGET = 8.4;
				MTL_ENABLE_DEBUG_INFO = NO;
				SDKROOT = iphoneos;
				VALIDATE_PRODUCT = YES;
			};
			name = Release;
		};
		82E209171B59593600E371C7 /* Debug */ = {
			isa = XCBuildConfiguration;
			buildSettings = {
				ASSETCATALOG_COMPILER_APPICON_NAME = AppIcon;
				INFOPLIST_FILE = TheProspect/Info.plist;
				LD_RUNPATH_SEARCH_PATHS = "$(inherited) @executable_path/Frameworks";
				PRODUCT_NAME = "$(TARGET_NAME)";
			};
			name = Debug;
		};
		82E209181B59593600E371C7 /* Release */ = {
			isa = XCBuildConfiguration;
			buildSettings = {
				ASSETCATALOG_COMPILER_APPICON_NAME = AppIcon;
				INFOPLIST_FILE = TheProspect/Info.plist;
				LD_RUNPATH_SEARCH_PATHS = "$(inherited) @executable_path/Frameworks";
				PRODUCT_NAME = "$(TARGET_NAME)";
			};
			name = Release;
		};
		82E2091A1B59593600E371C7 /* Debug */ = {
			isa = XCBuildConfiguration;
			buildSettings = {
				BUNDLE_LOADER = "$(TEST_HOST)";
				FRAMEWORK_SEARCH_PATHS = (
					"$(SDKROOT)/Developer/Library/Frameworks",
					"$(inherited)",
				);
				GCC_PREPROCESSOR_DEFINITIONS = (
					"DEBUG=1",
					"$(inherited)",
				);
				INFOPLIST_FILE = TheProspectTests/Info.plist;
				LD_RUNPATH_SEARCH_PATHS = "$(inherited) @executable_path/Frameworks @loader_path/Frameworks";
				PRODUCT_NAME = "$(TARGET_NAME)";
				TEST_HOST = "$(BUILT_PRODUCTS_DIR)/TheProspect.app/TheProspect";
			};
			name = Debug;
		};
		82E2091B1B59593600E371C7 /* Release */ = {
			isa = XCBuildConfiguration;
			buildSettings = {
				BUNDLE_LOADER = "$(TEST_HOST)";
				FRAMEWORK_SEARCH_PATHS = (
					"$(SDKROOT)/Developer/Library/Frameworks",
					"$(inherited)",
				);
				INFOPLIST_FILE = TheProspectTests/Info.plist;
				LD_RUNPATH_SEARCH_PATHS = "$(inherited) @executable_path/Frameworks @loader_path/Frameworks";
				PRODUCT_NAME = "$(TARGET_NAME)";
				TEST_HOST = "$(BUILT_PRODUCTS_DIR)/TheProspect.app/TheProspect";
			};
			name = Release;
		};
/* End XCBuildConfiguration section */

/* Begin XCConfigurationList section */
		82E208F21B59593600E371C7 /* Build configuration list for PBXProject "TheProspect" */ = {
			isa = XCConfigurationList;
			buildConfigurations = (
				82E209141B59593600E371C7 /* Debug */,
				82E209151B59593600E371C7 /* Release */,
			);
			defaultConfigurationIsVisible = 0;
			defaultConfigurationName = Release;
		};
		82E209161B59593600E371C7 /* Build configuration list for PBXNativeTarget "TheProspect" */ = {
			isa = XCConfigurationList;
			buildConfigurations = (
				82E209171B59593600E371C7 /* Debug */,
				82E209181B59593600E371C7 /* Release */,
			);
			defaultConfigurationIsVisible = 0;
			defaultConfigurationName = Release;
		};
		82E209191B59593600E371C7 /* Build configuration list for PBXNativeTarget "TheProspectTests" */ = {
			isa = XCConfigurationList;
			buildConfigurations = (
				82E2091A1B59593600E371C7 /* Debug */,
				82E2091B1B59593600E371C7 /* Release */,
			);
			defaultConfigurationIsVisible = 0;
			defaultConfigurationName = Release;
		};
/* End XCConfigurationList section */
	};
	rootObject = 82E208EF1B59593600E371C7 /* Project object */;
}
